
Microsoft Visual Studio Solution File, Format Version 12.00
# Visual Studio Version 17
VisualStudioVersion = 17.7.34031.279
MinimumVisualStudioVersion = 10.0.40219.1
Project("{FAE04EC0-301F-11D3-BF4B-00C04F79EFBC}") = "Lab10SchoolChasAcademyDataBase", "Lab10SchoolChasAcademyDataBase\Lab10SchoolChasAcademyDataBase.csproj", "{E0CC2EAC-881E-458B-9BF8-51326E622A9C}"
EndProject
Global
	GlobalSection(SolutionConfigurationPlatforms) = preSolution
		Debug|Any CPU = Debug|Any CPU
		Release|Any CPU = Release|Any CPU
	EndGlobalSection
	GlobalSection(ProjectConfigurationPlatforms) = postSolution
		{E0CC2EAC-881E-458B-9BF8-51326E622A9C}.Debug|Any CPU.ActiveCfg = Debug|Any CPU
		{E0CC2EAC-881E-458B-9BF8-51326E622A9C}.Debug|Any CPU.Build.0 = Debug|Any CPU
		{E0CC2EAC-881E-458B-9BF8-51326E622A9C}.Release|Any CPU.ActiveCfg = Release|Any CPU
		{E0CC2EAC-881E-458B-9BF8-51326E622A9C}.Release|Any CPU.Build.0 = Release|Any CPU
	EndGlobalSection
	GlobalSection(SolutionProperties) = preSolution
		HideSolutionNode = FALSE
	EndGlobalSection
	GlobalSection(ExtensibilityGlobals) = postSolution
		SolutionGuid = {58A7044D-CE07-466D-BBB8-A31DA14A6342}
	EndGlobalSection
EndGlobal
